
Microsoft Visual Studio Solution File, Format Version 12.00
# Visual Studio Version 16
VisualStudioVersion = 16.0.33214.272
MinimumVisualStudioVersion = 10.0.40219.1
Project("{FAE04EC0-301F-11D3-BF4B-00C04F79EFBC}") = "p1", "p1.csproj", "{90108FD9-CA2D-419C-A9D1-1F1FB6DEE46B}"
EndProject
Global
	GlobalSection(SolutionConfigurationPlatforms) = preSolution
		Debug|Any CPU = Debug|Any CPU
		Release|Any CPU = Release|Any CPU
	EndGlobalSection
	GlobalSection(ProjectConfigurationPlatforms) = postSolution
		{90108FD9-CA2D-419C-A9D1-1F1FB6DEE46B}.Debug|Any CPU.ActiveCfg = Debug|Any CPU
		{90108FD9-CA2D-419C-A9D1-1F1FB6DEE46B}.Debug|Any CPU.Build.0 = Debug|Any CPU
		{90108FD9-CA2D-419C-A9D1-1F1FB6DEE46B}.Release|Any CPU.ActiveCfg = Release|Any CPU
		{90108FD9-CA2D-419C-A9D1-1F1FB6DEE46B}.Release|Any CPU.Build.0 = Release|Any CPU
	EndGlobalSection
	GlobalSection(SolutionProperties) = preSolution
		HideSolutionNode = FALSE
	EndGlobalSection
	GlobalSection(ExtensibilityGlobals) = postSolution
		SolutionGuid = {3DD24DB6-CAAC-42F1-88EC-A399E5910800}
	EndGlobalSection
EndGlobal
